{
  "version": 4,
  "terraform_version": "1.5.7",
  "serial": 10,
  "lineage": "e03f04a3-b56e-27f5-4bf0-e3c55f37b3ce",
  "outputs": {},
  "resources": [
    {
      "mode": "managed",
      "type": "azurerm_cosmosdb_account",
      "name": "cosmos",
      "provider": "provider[\"registry.terraform.io/hashicorp/azurerm\"]",
      "instances": [
        {
          "schema_version": 1,
          "attributes": {
            "access_key_metadata_writes_enabled": true,
            "analytical_storage": [
              {
                "schema_type": "WellDefined"
              }
            ],
            "analytical_storage_enabled": false,
            "automatic_failover_enabled": false,
            "backup": [
              {
                "interval_in_minutes": 240,
                "retention_in_hours": 8,
                "storage_redundancy": "Geo",
                "tier": "",
                "type": "Periodic"
              }
            ],
            "burst_capacity_enabled": false,
            "capabilities": [],
            "capacity": [],
            "consistency_policy": [
              {
                "consistency_level": "Session",
                "max_interval_in_seconds": 5,
                "max_staleness_prefix": 100
              }
            ],
            "cors_rule": [],
            "create_mode": "",
            "default_identity_type": "FirstPartyIdentity",
            "endpoint": "https://dalscootercosmos8650.documents.azure.com:443/",
            "free_tier_enabled": false,
            "geo_location": [
              {
                "failover_priority": 0,
                "id": "dalscootercosmos8650-canadacentral",
                "location": "canadacentral",
                "zone_redundant": false
              }
            ],
            "id": "/subscriptions/d33a39a2-8dcc-47fc-a1a7-3958b74c91a7/resourceGroups/rg-dalscooter-bot/providers/Microsoft.DocumentDB/databaseAccounts/dalscootercosmos8650",
            "identity": [],
            "ip_range_filter": null,
            "is_virtual_network_filter_enabled": false,
            "key_vault_key_id": null,
            "kind": "GlobalDocumentDB",
            "local_authentication_disabled": false,
            "location": "canadacentral",
            "managed_hsm_key_id": null,
            "minimal_tls_version": "Tls12",
            "mongo_server_version": null,
            "multiple_write_locations_enabled": false,
            "name": "dalscootercosmos8650",
            "network_acl_bypass_for_azure_services": false,
            "network_acl_bypass_ids": null,
            "offer_type": "Standard",
            "partition_merge_enabled": false,
            "primary_key": "J2W1iylUNbbv8gXIT4SlKkEClHT5T8KYDSDK9QYVegeODAS0t65UhWSFyAR6ufOKKLceH9BpjN2hACDbsgIMFA==",
            "primary_mongodb_connection_string": null,
            "primary_readonly_key": "nd3ULgFXtsBjpM5PM9ec6DzUogmV75AWojaCD8X0VPpYHWbMxhJaqoPzjdoDffkZUKAa6o3677bQACDbOc1ZZw==",
            "primary_readonly_mongodb_connection_string": null,
            "primary_readonly_sql_connection_string": "AccountEndpoint=https://dalscootercosmos8650.documents.azure.com:443/;AccountKey=nd3ULgFXtsBjpM5PM9ec6DzUogmV75AWojaCD8X0VPpYHWbMxhJaqoPzjdoDffkZUKAa6o3677bQACDbOc1ZZw==;",
            "primary_sql_connection_string": "AccountEndpoint=https://dalscootercosmos8650.documents.azure.com:443/;AccountKey=J2W1iylUNbbv8gXIT4SlKkEClHT5T8KYDSDK9QYVegeODAS0t65UhWSFyAR6ufOKKLceH9BpjN2hACDbsgIMFA==;",
            "public_network_access_enabled": true,
            "read_endpoints": [
              "https://dalscootercosmos8650-canadacentral.documents.azure.com:443/"
            ],
            "resource_group_name": "rg-dalscooter-bot",
            "restore": [],
            "secondary_key": "vy2i3DF1taSjZV3FjoWOoLwncwQ4CqvUt8Xp1LATqliu0yv9qiGGVFMxvZiJIr2h6FplEcgHONwBACDbjhnbUQ==",
            "secondary_mongodb_connection_string": null,
            "secondary_readonly_key": "Z99z2ZXsQy7SJzhET42JEpckId5uLgrQSOCtWsVjUVOUTaCwsDcp93osgCdM26zTt6w8KqMOOfYAACDbvBMWsg==",
            "secondary_readonly_mongodb_connection_string": null,
            "secondary_readonly_sql_connection_string": "AccountEndpoint=https://dalscootercosmos8650.documents.azure.com:443/;AccountKey=Z99z2ZXsQy7SJzhET42JEpckId5uLgrQSOCtWsVjUVOUTaCwsDcp93osgCdM26zTt6w8KqMOOfYAACDbvBMWsg==;",
            "secondary_sql_connection_string": "AccountEndpoint=https://dalscootercosmos8650.documents.azure.com:443/;AccountKey=vy2i3DF1taSjZV3FjoWOoLwncwQ4CqvUt8Xp1LATqliu0yv9qiGGVFMxvZiJIr2h6FplEcgHONwBACDbjhnbUQ==;",
            "tags": null,
            "timeouts": null,
            "virtual_network_rule": [],
            "write_endpoints": [
              "https://dalscootercosmos8650-canadacentral.documents.azure.com:443/"
            ]
          },
          "sensitive_attributes": [],
          "private": "eyJlMmJmYjczMC1lY2FhLTExZTYtOGY4OC0zNDM2M2JjN2M0YzAiOnsiY3JlYXRlIjoxMDgwMDAwMDAwMDAwMCwiZGVsZXRlIjoxMDgwMDAwMDAwMDAwMCwicmVhZCI6MzAwMDAwMDAwMDAwLCJ1cGRhdGUiOjEwODAwMDAwMDAwMDAwfSwic2NoZW1hX3ZlcnNpb24iOiIxIn0=",
          "dependencies": [
            "azurerm_resource_group.rg",
            "random_integer.rand"
          ]
        }
      ]
    },
    {
      "mode": "managed",
      "type": "azurerm_cosmosdb_sql_container",
      "name": "bookings",
      "provider": "provider[\"registry.terraform.io/hashicorp/azurerm\"]",
      "instances": [
        {
          "schema_version": 1,
          "attributes": {
            "account_name": "dalscootercosmos8650",
            "analytical_storage_ttl": null,
            "autoscale_settings": [],
            "conflict_resolution_policy": [
              {
                "conflict_resolution_path": "/_ts",
                "conflict_resolution_procedure": "",
                "mode": "LastWriterWins"
              }
            ],
            "database_name": "dalscooterdb",
            "default_ttl": null,
            "id": "/subscriptions/d33a39a2-8dcc-47fc-a1a7-3958b74c91a7/resourceGroups/rg-dalscooter-bot/providers/Microsoft.DocumentDB/databaseAccounts/dalscootercosmos8650/sqlDatabases/dalscooterdb/containers/bookings",
            "indexing_policy": [
              {
                "composite_index": [],
                "excluded_path": [],
                "included_path": [
                  {
                    "path": "/*"
                  }
                ],
                "indexing_mode": "consistent",
                "spatial_index": []
              }
            ],
            "name": "bookings",
            "partition_key_kind": "Hash",
            "partition_key_paths": [
              "/booking_id"
            ],
            "partition_key_version": null,
            "resource_group_name": "rg-dalscooter-bot",
            "throughput": 400,
            "timeouts": null,
            "unique_key": []
          },
          "sensitive_attributes": [],
          "private": "eyJlMmJmYjczMC1lY2FhLTExZTYtOGY4OC0zNDM2M2JjN2M0YzAiOnsiY3JlYXRlIjoxODAwMDAwMDAwMDAwLCJkZWxldGUiOjE4MDAwMDAwMDAwMDAsInJlYWQiOjMwMDAwMDAwMDAwMCwidXBkYXRlIjoxODAwMDAwMDAwMDAwfSwic2NoZW1hX3ZlcnNpb24iOiIxIn0=",
          "dependencies": [
            "azurerm_cosmosdb_account.cosmos",
            "azurerm_cosmosdb_sql_database.db",
            "azurerm_resource_group.rg",
            "random_integer.rand"
          ]
        }
      ]
    },
    {
      "mode": "managed",
      "type": "azurerm_cosmosdb_sql_container",
      "name": "issues",
      "provider": "provider[\"registry.terraform.io/hashicorp/azurerm\"]",
      "instances": [
        {
          "schema_version": 1,
          "attributes": {
            "account_name": "dalscootercosmos8650",
            "analytical_storage_ttl": null,
            "autoscale_settings": [],
            "conflict_resolution_policy": [
              {
                "conflict_resolution_path": "/_ts",
                "conflict_resolution_procedure": "",
                "mode": "LastWriterWins"
              }
            ],
            "database_name": "dalscooterdb",
            "default_ttl": null,
            "id": "/subscriptions/d33a39a2-8dcc-47fc-a1a7-3958b74c91a7/resourceGroups/rg-dalscooter-bot/providers/Microsoft.DocumentDB/databaseAccounts/dalscootercosmos8650/sqlDatabases/dalscooterdb/containers/customer_issues",
            "indexing_policy": [
              {
                "composite_index": [],
                "excluded_path": [],
                "included_path": [
                  {
                    "path": "/*"
                  }
                ],
                "indexing_mode": "consistent",
                "spatial_index": []
              }
            ],
            "name": "customer_issues",
            "partition_key_kind": "Hash",
            "partition_key_paths": [
              "/user_id"
            ],
            "partition_key_version": null,
            "resource_group_name": "rg-dalscooter-bot",
            "throughput": 400,
            "timeouts": null,
            "unique_key": []
          },
          "sensitive_attributes": [],
          "private": "eyJlMmJmYjczMC1lY2FhLTExZTYtOGY4OC0zNDM2M2JjN2M0YzAiOnsiY3JlYXRlIjoxODAwMDAwMDAwMDAwLCJkZWxldGUiOjE4MDAwMDAwMDAwMDAsInJlYWQiOjMwMDAwMDAwMDAwMCwidXBkYXRlIjoxODAwMDAwMDAwMDAwfSwic2NoZW1hX3ZlcnNpb24iOiIxIn0=",
          "dependencies": [
            "azurerm_cosmosdb_account.cosmos",
            "azurerm_cosmosdb_sql_database.db",
            "azurerm_resource_group.rg",
            "random_integer.rand"
          ]
        }
      ]
    },
    {
      "mode": "managed",
      "type": "azurerm_cosmosdb_sql_database",
      "name": "db",
      "provider": "provider[\"registry.terraform.io/hashicorp/azurerm\"]",
      "instances": [
        {
          "schema_version": 1,
          "attributes": {
            "account_name": "dalscootercosmos8650",
            "autoscale_settings": [],
            "id": "/subscriptions/d33a39a2-8dcc-47fc-a1a7-3958b74c91a7/resourceGroups/rg-dalscooter-bot/providers/Microsoft.DocumentDB/databaseAccounts/dalscootercosmos8650/sqlDatabases/dalscooterdb",
            "name": "dalscooterdb",
            "resource_group_name": "rg-dalscooter-bot",
            "throughput": 0,
            "timeouts": null
          },
          "sensitive_attributes": [],
          "private": "eyJlMmJmYjczMC1lY2FhLTExZTYtOGY4OC0zNDM2M2JjN2M0YzAiOnsiY3JlYXRlIjoxODAwMDAwMDAwMDAwLCJkZWxldGUiOjE4MDAwMDAwMDAwMDAsInJlYWQiOjMwMDAwMDAwMDAwMCwidXBkYXRlIjoxODAwMDAwMDAwMDAwfSwic2NoZW1hX3ZlcnNpb24iOiIxIn0=",
          "dependencies": [
            "azurerm_cosmosdb_account.cosmos",
            "azurerm_resource_group.rg",
            "random_integer.rand"
          ]
        }
      ]
    },
    {
      "mode": "managed",
      "type": "azurerm_linux_function_app",
      "name": "function",
      "provider": "provider[\"registry.terraform.io/hashicorp/azurerm\"]",
      "instances": [
        {
          "schema_version": 1,
          "attributes": {
            "app_settings": {
              "FUNCTIONS_WORKER_RUNTIME": "python",
              "WEBSITE_RUN_FROM_PACKAGE": "0"
            },
            "auth_settings": [],
            "auth_settings_v2": [],
            "backup": [],
            "builtin_logging_enabled": true,
            "client_certificate_enabled": false,
            "client_certificate_exclusion_paths": "",
            "client_certificate_mode": "Optional",
            "connection_string": [],
            "content_share_force_disabled": false,
            "custom_domain_verification_id": "FE2883AB81EAACB030877FA72E210B0D7012B7CE49BFB43E8A5F593368E97892",
            "daily_memory_time_quota": 0,
            "default_hostname": "dalscooter-botfunc.azurewebsites.net",
            "enabled": true,
            "ftp_publish_basic_authentication_enabled": true,
            "functions_extension_version": "~4",
            "hosting_environment_id": "",
            "https_only": false,
            "id": "/subscriptions/d33a39a2-8dcc-47fc-a1a7-3958b74c91a7/resourceGroups/rg-dalscooter-bot/providers/Microsoft.Web/sites/dalscooter-botfunc",
            "identity": [],
            "key_vault_reference_identity_id": "SystemAssigned",
            "kind": "functionapp,linux",
            "location": "canadacentral",
            "name": "dalscooter-botfunc",
            "outbound_ip_address_list": [
              "52.228.113.13",
              "52.228.116.19",
              "52.228.116.170",
              "20.48.138.88",
              "20.48.139.0",
              "20.151.40.225",
              "20.48.202.160"
            ],
            "outbound_ip_addresses": "52.228.113.13,52.228.116.19,52.228.116.170,20.48.138.88,20.48.139.0,20.151.40.225,20.48.202.160",
            "possible_outbound_ip_address_list": [
              "52.228.113.13",
              "52.228.116.19",
              "52.228.116.170",
              "20.48.138.88",
              "20.48.139.0",
              "20.151.40.225",
              "20.151.41.22",
              "20.151.42.100",
              "20.151.42.116",
              "20.151.42.141",
              "20.151.42.169",
              "20.151.43.15",
              "20.151.43.109",
              "20.151.43.161",
              "20.151.43.169",
              "20.151.43.172",
              "20.151.43.194",
              "20.151.44.4",
              "20.151.44.15",
              "20.151.44.27",
              "20.151.44.42",
              "20.151.44.61",
              "20.151.44.63",
              "20.151.44.83",
              "20.48.202.160"
            ],
            "possible_outbound_ip_addresses": "52.228.113.13,52.228.116.19,52.228.116.170,20.48.138.88,20.48.139.0,20.151.40.225,20.151.41.22,20.151.42.100,20.151.42.116,20.151.42.141,20.151.42.169,20.151.43.15,20.151.43.109,20.151.43.161,20.151.43.169,20.151.43.172,20.151.43.194,20.151.44.4,20.151.44.15,20.151.44.27,20.151.44.42,20.151.44.61,20.151.44.63,20.151.44.83,20.48.202.160",
            "public_network_access_enabled": true,
            "resource_group_name": "rg-dalscooter-bot",
            "service_plan_id": "/subscriptions/d33a39a2-8dcc-47fc-a1a7-3958b74c91a7/resourceGroups/rg-dalscooter-bot/providers/Microsoft.Web/serverFarms/dalscooter-plan",
            "site_config": [
              {
                "always_on": false,
                "api_definition_url": "",
                "api_management_api_id": "",
                "app_command_line": "",
                "app_scale_limit": 200,
                "app_service_logs": [],
                "application_insights_connection_string": "",
                "application_insights_key": "",
                "application_stack": [
                  {
                    "docker": [],
                    "dotnet_version": "",
                    "java_version": "",
                    "node_version": "",
                    "powershell_core_version": "",
                    "python_version": "3.10",
                    "use_custom_runtime": false,
                    "use_dotnet_isolated_runtime": false
                  }
                ],
                "container_registry_managed_identity_client_id": "",
                "container_registry_use_managed_identity": false,
                "cors": [],
                "default_documents": [
                  "Default.htm",
                  "Default.html",
                  "Default.asp",
                  "index.htm",
                  "index.html",
                  "iisstart.htm",
                  "default.aspx",
                  "index.php"
                ],
                "detailed_error_logging_enabled": false,
                "elastic_instance_minimum": 0,
                "ftps_state": "Disabled",
                "health_check_eviction_time_in_min": 0,
                "health_check_path": "",
                "http2_enabled": false,
                "ip_restriction": [],
                "ip_restriction_default_action": "Allow",
                "linux_fx_version": "PYTHON|3.10",
                "load_balancing_mode": "LeastRequests",
                "managed_pipeline_mode": "Integrated",
                "minimum_tls_version": "1.2",
                "pre_warmed_instance_count": 0,
                "remote_debugging_enabled": false,
                "remote_debugging_version": "",
                "runtime_scale_monitoring_enabled": false,
                "scm_ip_restriction": [],
                "scm_ip_restriction_default_action": "Allow",
                "scm_minimum_tls_version": "1.2",
                "scm_type": "None",
                "scm_use_main_ip_restriction": false,
                "use_32_bit_worker": false,
                "vnet_route_all_enabled": false,
                "websockets_enabled": false,
                "worker_count": 1
              }
            ],
            "site_credential": [
              {
                "name": "$dalscooter-botfunc",
                "password": "dr2mzQFdKCPzuYs2dQucaLiJNzdFmtNpyo2mAMx9Md6cPADbe9FaDEe727Xj"
              }
            ],
            "sticky_settings": [],
            "storage_account": [],
            "storage_account_access_key": "97RAIoUjH9ZleG3yf63rrlS8n+YfXH5m3SJF8g8Q2DNf0u9JTGjXGs5IVnxxd74v47QnT5Em8NxB+AStcHi7aw==",
            "storage_account_name": "dalscooterfuncsa01",
            "storage_key_vault_secret_id": "",
            "storage_uses_managed_identity": false,
            "tags": null,
            "timeouts": null,
            "virtual_network_backup_restore_enabled": false,
            "virtual_network_subnet_id": "",
            "vnet_image_pull_enabled": false,
            "webdeploy_publish_basic_authentication_enabled": true,
            "zip_deploy_file": ""
          },
          "sensitive_attributes": [
            [
              {
                "type": "get_attr",
                "value": "storage_account_access_key"
              }
            ]
          ],
          "private": "eyJlMmJmYjczMC1lY2FhLTExZTYtOGY4OC0zNDM2M2JjN2M0YzAiOnsiY3JlYXRlIjoxODAwMDAwMDAwMDAwLCJkZWxldGUiOjE4MDAwMDAwMDAwMDAsInJlYWQiOjMwMDAwMDAwMDAwMCwidXBkYXRlIjoxODAwMDAwMDAwMDAwfSwic2NoZW1hX3ZlcnNpb24iOiIxIn0=",
          "dependencies": [
            "azurerm_resource_group.rg",
            "azurerm_service_plan.plan",
            "azurerm_storage_account.sa"
          ]
        }
      ]
    },
    {
      "mode": "managed",
      "type": "azurerm_resource_group",
      "name": "rg",
      "provider": "provider[\"registry.terraform.io/hashicorp/azurerm\"]",
      "instances": [
        {
          "schema_version": 0,
          "attributes": {
            "id": "/subscriptions/d33a39a2-8dcc-47fc-a1a7-3958b74c91a7/resourceGroups/rg-dalscooter-bot",
            "location": "canadacentral",
            "managed_by": "",
            "name": "rg-dalscooter-bot",
            "tags": null,
            "timeouts": null
          },
          "sensitive_attributes": [],
          "private": "eyJlMmJmYjczMC1lY2FhLTExZTYtOGY4OC0zNDM2M2JjN2M0YzAiOnsiY3JlYXRlIjo1NDAwMDAwMDAwMDAwLCJkZWxldGUiOjU0MDAwMDAwMDAwMDAsInJlYWQiOjMwMDAwMDAwMDAwMCwidXBkYXRlIjo1NDAwMDAwMDAwMDAwfX0="
        }
      ]
    },
    {
      "mode": "managed",
      "type": "azurerm_service_plan",
      "name": "plan",
      "provider": "provider[\"registry.terraform.io/hashicorp/azurerm\"]",
      "instances": [
        {
          "schema_version": 1,
          "attributes": {
            "app_service_environment_id": "",
            "id": "/subscriptions/d33a39a2-8dcc-47fc-a1a7-3958b74c91a7/resourceGroups/rg-dalscooter-bot/providers/Microsoft.Web/serverFarms/dalscooter-plan",
            "kind": "functionapp",
            "location": "canadacentral",
            "maximum_elastic_worker_count": 1,
            "name": "dalscooter-plan",
            "os_type": "Linux",
            "per_site_scaling_enabled": false,
            "premium_plan_auto_scale_enabled": false,
            "reserved": true,
            "resource_group_name": "rg-dalscooter-bot",
            "sku_name": "Y1",
            "tags": null,
            "timeouts": null,
            "worker_count": 0,
            "zone_balancing_enabled": false
          },
          "sensitive_attributes": [],
          "private": "eyJlMmJmYjczMC1lY2FhLTExZTYtOGY4OC0zNDM2M2JjN2M0YzAiOnsiY3JlYXRlIjozNjAwMDAwMDAwMDAwLCJkZWxldGUiOjM2MDAwMDAwMDAwMDAsInJlYWQiOjMwMDAwMDAwMDAwMCwidXBkYXRlIjozNjAwMDAwMDAwMDAwfSwic2NoZW1hX3ZlcnNpb24iOiIxIn0=",
          "dependencies": [
            "azurerm_resource_group.rg"
          ]
        }
      ]
    },
    {
      "mode": "managed",
      "type": "azurerm_storage_account",
      "name": "sa",
      "provider": "provider[\"registry.terraform.io/hashicorp/azurerm\"]",
      "instances": [
        {
          "schema_version": 4,
          "attributes": {
            "access_tier": "Hot",
            "account_kind": "StorageV2",
            "account_replication_type": "LRS",
            "account_tier": "Standard",
            "allow_nested_items_to_be_public": true,
            "allowed_copy_scope": "",
            "azure_files_authentication": [],
            "blob_properties": [
              {
                "change_feed_enabled": false,
                "change_feed_retention_in_days": 0,
                "container_delete_retention_policy": [],
                "cors_rule": [],
                "default_service_version": "",
                "delete_retention_policy": [],
                "last_access_time_enabled": false,
                "restore_policy": [],
                "versioning_enabled": false
              }
            ],
            "cross_tenant_replication_enabled": false,
            "custom_domain": [],
            "customer_managed_key": [],
            "default_to_oauth_authentication": false,
            "dns_endpoint_type": "Standard",
            "edge_zone": "",
            "https_traffic_only_enabled": true,
            "id": "/subscriptions/d33a39a2-8dcc-47fc-a1a7-3958b74c91a7/resourceGroups/rg-dalscooter-bot/providers/Microsoft.Storage/storageAccounts/dalscooterfuncsa01",
            "identity": [],
            "immutability_policy": [],
            "infrastructure_encryption_enabled": false,
            "is_hns_enabled": false,
            "large_file_share_enabled": false,
            "local_user_enabled": true,
            "location": "canadacentral",
            "min_tls_version": "TLS1_2",
            "name": "dalscooterfuncsa01",
            "network_rules": [],
            "nfsv3_enabled": false,
            "primary_access_key": "97RAIoUjH9ZleG3yf63rrlS8n+YfXH5m3SJF8g8Q2DNf0u9JTGjXGs5IVnxxd74v47QnT5Em8NxB+AStcHi7aw==",
            "primary_blob_connection_string": "DefaultEndpointsProtocol=https;BlobEndpoint=https://dalscooterfuncsa01.blob.core.windows.net/;AccountName=dalscooterfuncsa01;AccountKey=97RAIoUjH9ZleG3yf63rrlS8n+YfXH5m3SJF8g8Q2DNf0u9JTGjXGs5IVnxxd74v47QnT5Em8NxB+AStcHi7aw==",
            "primary_blob_endpoint": "https://dalscooterfuncsa01.blob.core.windows.net/",
            "primary_blob_host": "dalscooterfuncsa01.blob.core.windows.net",
            "primary_blob_internet_endpoint": "",
            "primary_blob_internet_host": "",
            "primary_blob_microsoft_endpoint": "",
            "primary_blob_microsoft_host": "",
            "primary_connection_string": "DefaultEndpointsProtocol=https;AccountName=dalscooterfuncsa01;AccountKey=97RAIoUjH9ZleG3yf63rrlS8n+YfXH5m3SJF8g8Q2DNf0u9JTGjXGs5IVnxxd74v47QnT5Em8NxB+AStcHi7aw==;EndpointSuffix=core.windows.net",
            "primary_dfs_endpoint": "https://dalscooterfuncsa01.dfs.core.windows.net/",
            "primary_dfs_host": "dalscooterfuncsa01.dfs.core.windows.net",
            "primary_dfs_internet_endpoint": "",
            "primary_dfs_internet_host": "",
            "primary_dfs_microsoft_endpoint": "",
            "primary_dfs_microsoft_host": "",
            "primary_file_endpoint": "https://dalscooterfuncsa01.file.core.windows.net/",
            "primary_file_host": "dalscooterfuncsa01.file.core.windows.net",
            "primary_file_internet_endpoint": "",
            "primary_file_internet_host": "",
            "primary_file_microsoft_endpoint": "",
            "primary_file_microsoft_host": "",
            "primary_location": "canadacentral",
            "primary_queue_endpoint": "https://dalscooterfuncsa01.queue.core.windows.net/",
            "primary_queue_host": "dalscooterfuncsa01.queue.core.windows.net",
            "primary_queue_microsoft_endpoint": "",
            "primary_queue_microsoft_host": "",
            "primary_table_endpoint": "https://dalscooterfuncsa01.table.core.windows.net/",
            "primary_table_host": "dalscooterfuncsa01.table.core.windows.net",
            "primary_table_microsoft_endpoint": "",
            "primary_table_microsoft_host": "",
            "primary_web_endpoint": "https://dalscooterfuncsa01.z9.web.core.windows.net/",
            "primary_web_host": "dalscooterfuncsa01.z9.web.core.windows.net",
            "primary_web_internet_endpoint": "",
            "primary_web_internet_host": "",
            "primary_web_microsoft_endpoint": "",
            "primary_web_microsoft_host": "",
            "public_network_access_enabled": true,
            "queue_encryption_key_type": "Service",
            "queue_properties": [
              {
                "cors_rule": [],
                "hour_metrics": [
                  {
                    "enabled": false,
                    "include_apis": false,
                    "retention_policy_days": 0,
                    "version": "1.0"
                  }
                ],
                "logging": [
                  {
                    "delete": false,
                    "read": false,
                    "retention_policy_days": 0,
                    "version": "1.0",
                    "write": false
                  }
                ],
                "minute_metrics": [
                  {
                    "enabled": false,
                    "include_apis": false,
                    "retention_policy_days": 0,
                    "version": "1.0"
                  }
                ]
              }
            ],
            "resource_group_name": "rg-dalscooter-bot",
            "routing": [],
            "sas_policy": [],
            "secondary_access_key": "k5OQsIVOfJcAtGGaSad3VFxkGFU6+O2y6bQ375mhfqmcjGnYevFQZ9IIihZEdbtAR1wdAM63HXtq+ASt5OHoiw==",
            "secondary_blob_connection_string": "",
            "secondary_blob_endpoint": "",
            "secondary_blob_host": "",
            "secondary_blob_internet_endpoint": "",
            "secondary_blob_internet_host": "",
            "secondary_blob_microsoft_endpoint": "",
            "secondary_blob_microsoft_host": "",
            "secondary_connection_string": "DefaultEndpointsProtocol=https;AccountName=dalscooterfuncsa01;AccountKey=k5OQsIVOfJcAtGGaSad3VFxkGFU6+O2y6bQ375mhfqmcjGnYevFQZ9IIihZEdbtAR1wdAM63HXtq+ASt5OHoiw==;EndpointSuffix=core.windows.net",
            "secondary_dfs_endpoint": "",
            "secondary_dfs_host": "",
            "secondary_dfs_internet_endpoint": "",
            "secondary_dfs_internet_host": "",
            "secondary_dfs_microsoft_endpoint": "",
            "secondary_dfs_microsoft_host": "",
            "secondary_file_endpoint": "",
            "secondary_file_host": "",
            "secondary_file_internet_endpoint": "",
            "secondary_file_internet_host": "",
            "secondary_file_microsoft_endpoint": "",
            "secondary_file_microsoft_host": "",
            "secondary_location": "",
            "secondary_queue_endpoint": "",
            "secondary_queue_host": "",
            "secondary_queue_microsoft_endpoint": "",
            "secondary_queue_microsoft_host": "",
            "secondary_table_endpoint": "",
            "secondary_table_host": "",
            "secondary_table_microsoft_endpoint": "",
            "secondary_table_microsoft_host": "",
            "secondary_web_endpoint": "",
            "secondary_web_host": "",
            "secondary_web_internet_endpoint": "",
            "secondary_web_internet_host": "",
            "secondary_web_microsoft_endpoint": "",
            "secondary_web_microsoft_host": "",
            "sftp_enabled": false,
            "share_properties": [
              {
                "cors_rule": [],
                "retention_policy": [
                  {
                    "days": 7
                  }
                ],
                "smb": []
              }
            ],
            "shared_access_key_enabled": true,
            "static_website": [],
            "table_encryption_key_type": "Service",
            "tags": null,
            "timeouts": null
          },
          "sensitive_attributes": [],
          "private": "eyJlMmJmYjczMC1lY2FhLTExZTYtOGY4OC0zNDM2M2JjN2M0YzAiOnsiY3JlYXRlIjozNjAwMDAwMDAwMDAwLCJkZWxldGUiOjM2MDAwMDAwMDAwMDAsInJlYWQiOjMwMDAwMDAwMDAwMCwidXBkYXRlIjozNjAwMDAwMDAwMDAwfSwic2NoZW1hX3ZlcnNpb24iOiI0In0=",
          "dependencies": [
            "azurerm_resource_group.rg"
          ]
        }
      ]
    },
    {
      "mode": "managed",
      "type": "random_integer",
      "name": "rand",
      "provider": "provider[\"registry.terraform.io/hashicorp/random\"]",
      "instances": [
        {
          "schema_version": 0,
          "attributes": {
            "id": "8650",
            "keepers": null,
            "max": 9999,
            "min": 1000,
            "result": 8650,
            "seed": null
          },
          "sensitive_attributes": []
        }
      ]
    }
  ],
  "check_results": null
}
